
Microsoft Visual Studio Solution File, Format Version 12.00
# Visual Studio Version 16
VisualStudioVersion = 16.0.31402.337
MinimumVisualStudioVersion = 10.0.40219.1
Project("{FAE04EC0-301F-11D3-BF4B-00C04F79EFBC}") = "iteration2", "iteration2.csproj", "{8DF4803F-BBCC-4E4A-AFB0-4DF6D96F06AA}"
EndProject
Global
	GlobalSection(SolutionConfigurationPlatforms) = preSolution
		Debug|Any CPU = Debug|Any CPU
		Release|Any CPU = Release|Any CPU
	EndGlobalSection
	GlobalSection(ProjectConfigurationPlatforms) = postSolution
		{8DF4803F-BBCC-4E4A-AFB0-4DF6D96F06AA}.Debug|Any CPU.ActiveCfg = Debug|Any CPU
		{8DF4803F-BBCC-4E4A-AFB0-4DF6D96F06AA}.Debug|Any CPU.Build.0 = Debug|Any CPU
		{8DF4803F-BBCC-4E4A-AFB0-4DF6D96F06AA}.Release|Any CPU.ActiveCfg = Release|Any CPU
		{8DF4803F-BBCC-4E4A-AFB0-4DF6D96F06AA}.Release|Any CPU.Build.0 = Release|Any CPU
	EndGlobalSection
	GlobalSection(SolutionProperties) = preSolution
		HideSolutionNode = FALSE
	EndGlobalSection
	GlobalSection(ExtensibilityGlobals) = postSolution
		SolutionGuid = {F117D403-973E-44A4-802D-0FDE9D6A89E3}
	EndGlobalSection
EndGlobal
